
Microsoft Visual Studio Solution File, Format Version 12.00
# Visual Studio Version 17
VisualStudioVersion = 17.0.31903.59
MinimumVisualStudioVersion = 10.0.40219.1
Project("{FAE04EC0-301F-11D3-BF4B-00C04F79EFBC}") = "Introducao", "Introducao\Introducao.csproj", "{63C79571-3F05-4D8A-A089-E929279F6302}"
EndProject
Project("{FAE04EC0-301F-11D3-BF4B-00C04F79EFBC}") = "Condicionais", "Condicionais\Condicionais.csproj", "{C858F7A4-1BE1-49AA-9F0E-B2A51E010F10}"
EndProject
Project("{FAE04EC0-301F-11D3-BF4B-00C04F79EFBC}") = "Operadores", "Operadores\Operadores.csproj", "{E8948C92-9F8C-45D5-B2A9-88A4CBE9EBC4}"
EndProject
Project("{FAE04EC0-301F-11D3-BF4B-00C04F79EFBC}") = "Aritmeticos", "Aritmeticos\Aritmeticos.csproj", "{97C66DCA-11E4-4AEB-BBF0-600D1884D2A0}"
EndProject
Project("{FAE04EC0-301F-11D3-BF4B-00C04F79EFBC}") = "Repeticao", "Repeticao\Repeticao.csproj", "{E2EF57B3-3D45-4751-A8DA-FA6B085E4FFD}"
EndProject
Project("{FAE04EC0-301F-11D3-BF4B-00C04F79EFBC}") = "MenuInterativo", "MenuInterativo\MenuInterativo.csproj", "{C10BAAFB-83FA-4E5A-89EF-3F82DA8C421F}"
EndProject
Project("{FAE04EC0-301F-11D3-BF4B-00C04F79EFBC}") = "SistemaDeHospedagem", "SistemaDeHospedagem\SistemaDeHospedagem.csproj", "{3947CCC0-3B38-442C-8F17-2B8BE407B6E6}"
EndProject
Project("{FAE04EC0-301F-11D3-BF4B-00C04F79EFBC}") = "POO", "POO\POO.csproj", "{C27FE721-43A3-4AEA-ADC3-C6D53A9ABDA8}"
EndProject
Project("{FAE04EC0-301F-11D3-BF4B-00C04F79EFBC}") = "CalculoDeFrete", "CalculoDeFrete\CalculoDeFrete.csproj", "{34877975-98C3-4529-A338-809AB2F6294C}"
EndProject
Project("{FAE04EC0-301F-11D3-BF4B-00C04F79EFBC}") = "CalculoDesconto", "CalculoDesconto\CalculoDesconto.csproj", "{DBDA47F2-1F44-492D-95E0-95071BD111C5}"
EndProject
Global
	GlobalSection(SolutionConfigurationPlatforms) = preSolution
		Debug|Any CPU = Debug|Any CPU
		Debug|x64 = Debug|x64
		Debug|x86 = Debug|x86
		Release|Any CPU = Release|Any CPU
		Release|x64 = Release|x64
		Release|x86 = Release|x86
	EndGlobalSection
	GlobalSection(ProjectConfigurationPlatforms) = postSolution
		{63C79571-3F05-4D8A-A089-E929279F6302}.Debug|Any CPU.ActiveCfg = Debug|Any CPU
		{63C79571-3F05-4D8A-A089-E929279F6302}.Debug|Any CPU.Build.0 = Debug|Any CPU
		{63C79571-3F05-4D8A-A089-E929279F6302}.Debug|x64.ActiveCfg = Debug|Any CPU
		{63C79571-3F05-4D8A-A089-E929279F6302}.Debug|x64.Build.0 = Debug|Any CPU
		{63C79571-3F05-4D8A-A089-E929279F6302}.Debug|x86.ActiveCfg = Debug|Any CPU
		{63C79571-3F05-4D8A-A089-E929279F6302}.Debug|x86.Build.0 = Debug|Any CPU
		{63C79571-3F05-4D8A-A089-E929279F6302}.Release|Any CPU.ActiveCfg = Release|Any CPU
		{63C79571-3F05-4D8A-A089-E929279F6302}.Release|Any CPU.Build.0 = Release|Any CPU
		{63C79571-3F05-4D8A-A089-E929279F6302}.Release|x64.ActiveCfg = Release|Any CPU
		{63C79571-3F05-4D8A-A089-E929279F6302}.Release|x64.Build.0 = Release|Any CPU
		{63C79571-3F05-4D8A-A089-E929279F6302}.Release|x86.ActiveCfg = Release|Any CPU
		{63C79571-3F05-4D8A-A089-E929279F6302}.Release|x86.Build.0 = Release|Any CPU
		{C858F7A4-1BE1-49AA-9F0E-B2A51E010F10}.Debug|Any CPU.ActiveCfg = Debug|Any CPU
		{C858F7A4-1BE1-49AA-9F0E-B2A51E010F10}.Debug|Any CPU.Build.0 = Debug|Any CPU
		{C858F7A4-1BE1-49AA-9F0E-B2A51E010F10}.Debug|x64.ActiveCfg = Debug|Any CPU
		{C858F7A4-1BE1-49AA-9F0E-B2A51E010F10}.Debug|x64.Build.0 = Debug|Any CPU
		{C858F7A4-1BE1-49AA-9F0E-B2A51E010F10}.Debug|x86.ActiveCfg = Debug|Any CPU
		{C858F7A4-1BE1-49AA-9F0E-B2A51E010F10}.Debug|x86.Build.0 = Debug|Any CPU
		{C858F7A4-1BE1-49AA-9F0E-B2A51E010F10}.Release|Any CPU.ActiveCfg = Release|Any CPU
		{C858F7A4-1BE1-49AA-9F0E-B2A51E010F10}.Release|Any CPU.Build.0 = Release|Any CPU
		{C858F7A4-1BE1-49AA-9F0E-B2A51E010F10}.Release|x64.ActiveCfg = Release|Any CPU
		{C858F7A4-1BE1-49AA-9F0E-B2A51E010F10}.Release|x64.Build.0 = Release|Any CPU
		{C858F7A4-1BE1-49AA-9F0E-B2A51E010F10}.Release|x86.ActiveCfg = Release|Any CPU
		{C858F7A4-1BE1-49AA-9F0E-B2A51E010F10}.Release|x86.Build.0 = Release|Any CPU
		{E8948C92-9F8C-45D5-B2A9-88A4CBE9EBC4}.Debug|Any CPU.ActiveCfg = Debug|Any CPU
		{E8948C92-9F8C-45D5-B2A9-88A4CBE9EBC4}.Debug|Any CPU.Build.0 = Debug|Any CPU
		{E8948C92-9F8C-45D5-B2A9-88A4CBE9EBC4}.Debug|x64.ActiveCfg = Debug|Any CPU
		{E8948C92-9F8C-45D5-B2A9-88A4CBE9EBC4}.Debug|x64.Build.0 = Debug|Any CPU
		{E8948C92-9F8C-45D5-B2A9-88A4CBE9EBC4}.Debug|x86.ActiveCfg = Debug|Any CPU
		{E8948C92-9F8C-45D5-B2A9-88A4CBE9EBC4}.Debug|x86.Build.0 = Debug|Any CPU
		{E8948C92-9F8C-45D5-B2A9-88A4CBE9EBC4}.Release|Any CPU.ActiveCfg = Release|Any CPU
		{E8948C92-9F8C-45D5-B2A9-88A4CBE9EBC4}.Release|Any CPU.Build.0 = Release|Any CPU
		{E8948C92-9F8C-45D5-B2A9-88A4CBE9EBC4}.Release|x64.ActiveCfg = Release|Any CPU
		{E8948C92-9F8C-45D5-B2A9-88A4CBE9EBC4}.Release|x64.Build.0 = Release|Any CPU
		{E8948C92-9F8C-45D5-B2A9-88A4CBE9EBC4}.Release|x86.ActiveCfg = Release|Any CPU
		{E8948C92-9F8C-45D5-B2A9-88A4CBE9EBC4}.Release|x86.Build.0 = Release|Any CPU
		{97C66DCA-11E4-4AEB-BBF0-600D1884D2A0}.Debug|Any CPU.ActiveCfg = Debug|Any CPU
		{97C66DCA-11E4-4AEB-BBF0-600D1884D2A0}.Debug|Any CPU.Build.0 = Debug|Any CPU
		{97C66DCA-11E4-4AEB-BBF0-600D1884D2A0}.Debug|x64.ActiveCfg = Debug|Any CPU
		{97C66DCA-11E4-4AEB-BBF0-600D1884D2A0}.Debug|x64.Build.0 = Debug|Any CPU
		{97C66DCA-11E4-4AEB-BBF0-600D1884D2A0}.Debug|x86.ActiveCfg = Debug|Any CPU
		{97C66DCA-11E4-4AEB-BBF0-600D1884D2A0}.Debug|x86.Build.0 = Debug|Any CPU
		{97C66DCA-11E4-4AEB-BBF0-600D1884D2A0}.Release|Any CPU.ActiveCfg = Release|Any CPU
		{97C66DCA-11E4-4AEB-BBF0-600D1884D2A0}.Release|Any CPU.Build.0 = Release|Any CPU
		{97C66DCA-11E4-4AEB-BBF0-600D1884D2A0}.Release|x64.ActiveCfg = Release|Any CPU
		{97C66DCA-11E4-4AEB-BBF0-600D1884D2A0}.Release|x64.Build.0 = Release|Any CPU
		{97C66DCA-11E4-4AEB-BBF0-600D1884D2A0}.Release|x86.ActiveCfg = Release|Any CPU
		{97C66DCA-11E4-4AEB-BBF0-600D1884D2A0}.Release|x86.Build.0 = Release|Any CPU
		{E2EF57B3-3D45-4751-A8DA-FA6B085E4FFD}.Debug|Any CPU.ActiveCfg = Debug|Any CPU
		{E2EF57B3-3D45-4751-A8DA-FA6B085E4FFD}.Debug|Any CPU.Build.0 = Debug|Any CPU
		{E2EF57B3-3D45-4751-A8DA-FA6B085E4FFD}.Debug|x64.ActiveCfg = Debug|Any CPU
		{E2EF57B3-3D45-4751-A8DA-FA6B085E4FFD}.Debug|x64.Build.0 = Debug|Any CPU
		{E2EF57B3-3D45-4751-A8DA-FA6B085E4FFD}.Debug|x86.ActiveCfg = Debug|Any CPU
		{E2EF57B3-3D45-4751-A8DA-FA6B085E4FFD}.Debug|x86.Build.0 = Debug|Any CPU
		{E2EF57B3-3D45-4751-A8DA-FA6B085E4FFD}.Release|Any CPU.ActiveCfg = Release|Any CPU
		{E2EF57B3-3D45-4751-A8DA-FA6B085E4FFD}.Release|Any CPU.Build.0 = Release|Any CPU
		{E2EF57B3-3D45-4751-A8DA-FA6B085E4FFD}.Release|x64.ActiveCfg = Release|Any CPU
		{E2EF57B3-3D45-4751-A8DA-FA6B085E4FFD}.Release|x64.Build.0 = Release|Any CPU
		{E2EF57B3-3D45-4751-A8DA-FA6B085E4FFD}.Release|x86.ActiveCfg = Release|Any CPU
		{E2EF57B3-3D45-4751-A8DA-FA6B085E4FFD}.Release|x86.Build.0 = Release|Any CPU
		{C10BAAFB-83FA-4E5A-89EF-3F82DA8C421F}.Debug|Any CPU.ActiveCfg = Debug|Any CPU
		{C10BAAFB-83FA-4E5A-89EF-3F82DA8C421F}.Debug|Any CPU.Build.0 = Debug|Any CPU
		{C10BAAFB-83FA-4E5A-89EF-3F82DA8C421F}.Debug|x64.ActiveCfg = Debug|Any CPU
		{C10BAAFB-83FA-4E5A-89EF-3F82DA8C421F}.Debug|x64.Build.0 = Debug|Any CPU
		{C10BAAFB-83FA-4E5A-89EF-3F82DA8C421F}.Debug|x86.ActiveCfg = Debug|Any CPU
		{C10BAAFB-83FA-4E5A-89EF-3F82DA8C421F}.Debug|x86.Build.0 = Debug|Any CPU
		{C10BAAFB-83FA-4E5A-89EF-3F82DA8C421F}.Release|Any CPU.ActiveCfg = Release|Any CPU
		{C10BAAFB-83FA-4E5A-89EF-3F82DA8C421F}.Release|Any CPU.Build.0 = Release|Any CPU
		{C10BAAFB-83FA-4E5A-89EF-3F82DA8C421F}.Release|x64.ActiveCfg = Release|Any CPU
		{C10BAAFB-83FA-4E5A-89EF-3F82DA8C421F}.Release|x64.Build.0 = Release|Any CPU
		{C10BAAFB-83FA-4E5A-89EF-3F82DA8C421F}.Release|x86.ActiveCfg = Release|Any CPU
		{C10BAAFB-83FA-4E5A-89EF-3F82DA8C421F}.Release|x86.Build.0 = Release|Any CPU
		{3947CCC0-3B38-442C-8F17-2B8BE407B6E6}.Debug|Any CPU.ActiveCfg = Debug|Any CPU
		{3947CCC0-3B38-442C-8F17-2B8BE407B6E6}.Debug|Any CPU.Build.0 = Debug|Any CPU
		{3947CCC0-3B38-442C-8F17-2B8BE407B6E6}.Debug|x64.ActiveCfg = Debug|Any CPU
		{3947CCC0-3B38-442C-8F17-2B8BE407B6E6}.Debug|x64.Build.0 = Debug|Any CPU
		{3947CCC0-3B38-442C-8F17-2B8BE407B6E6}.Debug|x86.ActiveCfg = Debug|Any CPU
		{3947CCC0-3B38-442C-8F17-2B8BE407B6E6}.Debug|x86.Build.0 = Debug|Any CPU
		{3947CCC0-3B38-442C-8F17-2B8BE407B6E6}.Release|Any CPU.ActiveCfg = Release|Any CPU
		{3947CCC0-3B38-442C-8F17-2B8BE407B6E6}.Release|Any CPU.Build.0 = Release|Any CPU
		{3947CCC0-3B38-442C-8F17-2B8BE407B6E6}.Release|x64.ActiveCfg = Release|Any CPU
		{3947CCC0-3B38-442C-8F17-2B8BE407B6E6}.Release|x64.Build.0 = Release|Any CPU
		{3947CCC0-3B38-442C-8F17-2B8BE407B6E6}.Release|x86.ActiveCfg = Release|Any CPU
		{3947CCC0-3B38-442C-8F17-2B8BE407B6E6}.Release|x86.Build.0 = Release|Any CPU
		{C27FE721-43A3-4AEA-ADC3-C6D53A9ABDA8}.Debug|Any CPU.ActiveCfg = Debug|Any CPU
		{C27FE721-43A3-4AEA-ADC3-C6D53A9ABDA8}.Debug|Any CPU.Build.0 = Debug|Any CPU
		{C27FE721-43A3-4AEA-ADC3-C6D53A9ABDA8}.Debug|x64.ActiveCfg = Debug|Any CPU
		{C27FE721-43A3-4AEA-ADC3-C6D53A9ABDA8}.Debug|x64.Build.0 = Debug|Any CPU
		{C27FE721-43A3-4AEA-ADC3-C6D53A9ABDA8}.Debug|x86.ActiveCfg = Debug|Any CPU
		{C27FE721-43A3-4AEA-ADC3-C6D53A9ABDA8}.Debug|x86.Build.0 = Debug|Any CPU
		{C27FE721-43A3-4AEA-ADC3-C6D53A9ABDA8}.Release|Any CPU.ActiveCfg = Release|Any CPU
		{C27FE721-43A3-4AEA-ADC3-C6D53A9ABDA8}.Release|Any CPU.Build.0 = Release|Any CPU
		{C27FE721-43A3-4AEA-ADC3-C6D53A9ABDA8}.Release|x64.ActiveCfg = Release|Any CPU
		{C27FE721-43A3-4AEA-ADC3-C6D53A9ABDA8}.Release|x64.Build.0 = Release|Any CPU
		{C27FE721-43A3-4AEA-ADC3-C6D53A9ABDA8}.Release|x86.ActiveCfg = Release|Any CPU
		{C27FE721-43A3-4AEA-ADC3-C6D53A9ABDA8}.Release|x86.Build.0 = Release|Any CPU
		{34877975-98C3-4529-A338-809AB2F6294C}.Debug|Any CPU.ActiveCfg = Debug|Any CPU
		{34877975-98C3-4529-A338-809AB2F6294C}.Debug|Any CPU.Build.0 = Debug|Any CPU
		{34877975-98C3-4529-A338-809AB2F6294C}.Debug|x64.ActiveCfg = Debug|Any CPU
		{34877975-98C3-4529-A338-809AB2F6294C}.Debug|x64.Build.0 = Debug|Any CPU
		{34877975-98C3-4529-A338-809AB2F6294C}.Debug|x86.ActiveCfg = Debug|Any CPU
		{34877975-98C3-4529-A338-809AB2F6294C}.Debug|x86.Build.0 = Debug|Any CPU
		{34877975-98C3-4529-A338-809AB2F6294C}.Release|Any CPU.ActiveCfg = Release|Any CPU
		{34877975-98C3-4529-A338-809AB2F6294C}.Release|Any CPU.Build.0 = Release|Any CPU
		{34877975-98C3-4529-A338-809AB2F6294C}.Release|x64.ActiveCfg = Release|Any CPU
		{34877975-98C3-4529-A338-809AB2F6294C}.Release|x64.Build.0 = Release|Any CPU
		{34877975-98C3-4529-A338-809AB2F6294C}.Release|x86.ActiveCfg = Release|Any CPU
		{34877975-98C3-4529-A338-809AB2F6294C}.Release|x86.Build.0 = Release|Any CPU
		{DBDA47F2-1F44-492D-95E0-95071BD111C5}.Debug|Any CPU.ActiveCfg = Debug|Any CPU
		{DBDA47F2-1F44-492D-95E0-95071BD111C5}.Debug|Any CPU.Build.0 = Debug|Any CPU
		{DBDA47F2-1F44-492D-95E0-95071BD111C5}.Debug|x64.ActiveCfg = Debug|Any CPU
		{DBDA47F2-1F44-492D-95E0-95071BD111C5}.Debug|x64.Build.0 = Debug|Any CPU
		{DBDA47F2-1F44-492D-95E0-95071BD111C5}.Debug|x86.ActiveCfg = Debug|Any CPU
		{DBDA47F2-1F44-492D-95E0-95071BD111C5}.Debug|x86.Build.0 = Debug|Any CPU
		{DBDA47F2-1F44-492D-95E0-95071BD111C5}.Release|Any CPU.ActiveCfg = Release|Any CPU
		{DBDA47F2-1F44-492D-95E0-95071BD111C5}.Release|Any CPU.Build.0 = Release|Any CPU
		{DBDA47F2-1F44-492D-95E0-95071BD111C5}.Release|x64.ActiveCfg = Release|Any CPU
		{DBDA47F2-1F44-492D-95E0-95071BD111C5}.Release|x64.Build.0 = Release|Any CPU
		{DBDA47F2-1F44-492D-95E0-95071BD111C5}.Release|x86.ActiveCfg = Release|Any CPU
		{DBDA47F2-1F44-492D-95E0-95071BD111C5}.Release|x86.Build.0 = Release|Any CPU
	EndGlobalSection
	GlobalSection(SolutionProperties) = preSolution
		HideSolutionNode = FALSE
	EndGlobalSection
EndGlobal
